
Microsoft Visual Studio Solution File, Format Version 12.00
# Visual Studio Version 16
VisualStudioVersion = 16.0.32126.315
MinimumVisualStudioVersion = 10.0.40219.1
Project("{2150E333-8FDC-42A3-9474-1A3956D46DE8}") = "Solution Items", "Solution Items", "{7741BD20-B624-440D-9815-FBF8BCBB24BB}"
	ProjectSection(SolutionItems) = preProject
		..\.dockerignore = ..\.dockerignore
		..\Dockerfile = ..\Dockerfile
	EndProjectSection
EndProject
Project("{9A19103F-16F7-4668-BE54-9A1E7A4F7556}") = "DotNetRender.Web", "src\DotNetRender.Web\DotNetRender.Web.csproj", "{EA00C733-C942-45C2-A02B-E357106F7308}"
EndProject
Global
	GlobalSection(SolutionConfigurationPlatforms) = preSolution
		Debug|Any CPU = Debug|Any CPU
		Release|Any CPU = Release|Any CPU
	EndGlobalSection
	GlobalSection(ProjectConfigurationPlatforms) = postSolution
		{EA00C733-C942-45C2-A02B-E357106F7308}.Debug|Any CPU.ActiveCfg = Debug|Any CPU
		{EA00C733-C942-45C2-A02B-E357106F7308}.Debug|Any CPU.Build.0 = Debug|Any CPU
		{EA00C733-C942-45C2-A02B-E357106F7308}.Release|Any CPU.ActiveCfg = Release|Any CPU
		{EA00C733-C942-45C2-A02B-E357106F7308}.Release|Any CPU.Build.0 = Release|Any CPU
	EndGlobalSection
	GlobalSection(SolutionProperties) = preSolution
		HideSolutionNode = FALSE
	EndGlobalSection
	GlobalSection(ExtensibilityGlobals) = postSolution
		SolutionGuid = {EE2B514E-296C-4623-9591-016EA7FB9365}
	EndGlobalSection
EndGlobal
